
Microsoft Visual Studio Solution File, Format Version 12.00
# Visual Studio Version 17
VisualStudioVersion = 17.10.34928.147
MinimumVisualStudioVersion = 10.0.40219.1
Project("{FAE04EC0-301F-11D3-BF4B-00C04F79EFBC}") = "WebSocket-Multi-Client", "WebSocket-Multi-Client\WebSocket-Multi-Client.csproj", "{AB8AAA45-26E5-43AC-9B93-81715EDDCC91}"
EndProject
Global
	GlobalSection(SolutionConfigurationPlatforms) = preSolution
		Debug|Any CPU = Debug|Any CPU
		Release|Any CPU = Release|Any CPU
	EndGlobalSection
	GlobalSection(ProjectConfigurationPlatforms) = postSolution
		{AB8AAA45-26E5-43AC-9B93-81715EDDCC91}.Debug|Any CPU.ActiveCfg = Debug|Any CPU
		{AB8AAA45-26E5-43AC-9B93-81715EDDCC91}.Debug|Any CPU.Build.0 = Debug|Any CPU
		{AB8AAA45-26E5-43AC-9B93-81715EDDCC91}.Release|Any CPU.ActiveCfg = Release|Any CPU
		{AB8AAA45-26E5-43AC-9B93-81715EDDCC91}.Release|Any CPU.Build.0 = Release|Any CPU
	EndGlobalSection
	GlobalSection(SolutionProperties) = preSolution
		HideSolutionNode = FALSE
	EndGlobalSection
	GlobalSection(ExtensibilityGlobals) = postSolution
		SolutionGuid = {2DFBD2FD-C7A2-405B-B9DC-2C5FAD97584C}
	EndGlobalSection
EndGlobal
